
Microsoft Visual Studio Solution File, Format Version 12.00
# Visual Studio Version 17
VisualStudioVersion = 17.11.35327.3
MinimumVisualStudioVersion = 10.0.40219.1
Project("{FAE04EC0-301F-11D3-BF4B-00C04F79EFBC}") = "WFormUNIP", "WFormUNIP\WFormUNIP.csproj", "{2F47B1DD-55E9-4505-98BC-D2AAD4CA3141}"
EndProject
Global
	GlobalSection(SolutionConfigurationPlatforms) = preSolution
		Debug|Any CPU = Debug|Any CPU
		Release|Any CPU = Release|Any CPU
	EndGlobalSection
	GlobalSection(ProjectConfigurationPlatforms) = postSolution
		{2F47B1DD-55E9-4505-98BC-D2AAD4CA3141}.Debug|Any CPU.ActiveCfg = Debug|Any CPU
		{2F47B1DD-55E9-4505-98BC-D2AAD4CA3141}.Debug|Any CPU.Build.0 = Debug|Any CPU
		{2F47B1DD-55E9-4505-98BC-D2AAD4CA3141}.Release|Any CPU.ActiveCfg = Release|Any CPU
		{2F47B1DD-55E9-4505-98BC-D2AAD4CA3141}.Release|Any CPU.Build.0 = Release|Any CPU
	EndGlobalSection
	GlobalSection(SolutionProperties) = preSolution
		HideSolutionNode = FALSE
	EndGlobalSection
	GlobalSection(ExtensibilityGlobals) = postSolution
		SolutionGuid = {1E074A36-7069-4368-BCF8-A0FD3EF1A8B5}
	EndGlobalSection
EndGlobal
